// !$*UTF8*$!
{
	archiveVersion = 1;
	classes = {
	};
	objectVersion = 50;
	objects = {

/* Begin PBXBuildFile section */
		D824984522928E7600C3D798 /* AppDelegate.swift in Sources */ = {isa = PBXBuildFile; fileRef = D824984422928E7600C3D798 /* AppDelegate.swift */; };
		D824984722928E7600C3D798 /* ViewController.swift in Sources */ = {isa = PBXBuildFile; fileRef = D824984622928E7600C3D798 /* ViewController.swift */; };
		D824984A22928E7600C3D798 /* Main.storyboard in Resources */ = {isa = PBXBuildFile; fileRef = D824984822928E7600C3D798 /* Main.storyboard */; };
		D824984C22928E7800C3D798 /* Assets.xcassets in Resources */ = {isa = PBXBuildFile; fileRef = D824984B22928E7800C3D798 /* Assets.xcassets */; };
		D824984F22928E7800C3D798 /* LaunchScreen.storyboard in Resources */ = {isa = PBXBuildFile; fileRef = D824984D22928E7800C3D798 /* LaunchScreen.storyboard */; };
		D824985A22928E7800C3D798 /* TodoAppTests.swift in Sources */ = {isa = PBXBuildFile; fileRef = D824985922928E7800C3D798 /* TodoAppTests.swift */; };
		D824986522928E7800C3D798 /* TodoAppUITests.swift in Sources */ = {isa = PBXBuildFile; fileRef = D824986422928E7800C3D798 /* TodoAppUITests.swift */; };
		D824987322929B3B00C3D798 /* Todo.swift in Sources */ = {isa = PBXBuildFile; fileRef = D824987222929B3B00C3D798 /* Todo.swift */; };
		D824987522929D2F00C3D798 /* TodoItem.swift in Sources */ = {isa = PBXBuildFile; fileRef = D824987422929D2F00C3D798 /* TodoItem.swift */; };
		D82498772292DF2900C3D798 /* AddNewItemViewController.swift in Sources */ = {isa = PBXBuildFile; fileRef = D82498762292DF2900C3D798 /* AddNewItemViewController.swift */; };
		D82498792293A94600C3D798 /* TodoItemTableViewCell.swift in Sources */ = {isa = PBXBuildFile; fileRef = D82498782293A94600C3D798 /* TodoItemTableViewCell.swift */; };
/* End PBXBuildFile section */

/* Begin PBXContainerItemProxy section */
		D824985622928E7800C3D798 /* PBXContainerItemProxy */ = {
			isa = PBXContainerItemProxy;
			containerPortal = D824983922928E7600C3D798 /* Project object */;
			proxyType = 1;
			remoteGlobalIDString = D824984022928E7600C3D798;
			remoteInfo = TodoApp;
		};
		D824986122928E7800C3D798 /* PBXContainerItemProxy */ = {
			isa = PBXContainerItemProxy;
			containerPortal = D824983922928E7600C3D798 /* Project object */;
			proxyType = 1;
			remoteGlobalIDString = D824984022928E7600C3D798;
			remoteInfo = TodoApp;
		};
/* End PBXContainerItemProxy section */

/* Begin PBXFileReference section */
		D824984122928E7600C3D798 /* TodoApp.app */ = {isa = PBXFileReference; explicitFileType = wrapper.application; includeInIndex = 0; path = TodoApp.app; sourceTree = BUILT_PRODUCTS_DIR; };
		D824984422928E7600C3D798 /* AppDelegate.swift */ = {isa = PBXFileReference; lastKnownFileType = sourcecode.swift; path = AppDelegate.swift; sourceTree = "<group>"; };
		D824984622928E7600C3D798 /* ViewController.swift */ = {isa = PBXFileReference; lastKnownFileType = sourcecode.swift; path = ViewController.swift; sourceTree = "<group>"; };
		D824984922928E7600C3D798 /* Base */ = {isa = PBXFileReference; lastKnownFileType = file.storyboard; name = Base; path = Base.lproj/Main.storyboard; sourceTree = "<group>"; };
		D824984B22928E7800C3D798 /* Assets.xcassets */ = {isa = PBXFileReference; lastKnownFileType = folder.assetcatalog; path = Assets.xcassets; sourceTree = "<group>"; };
		D824984E22928E7800C3D798 /* Base */ = {isa = PBXFileReference; lastKnownFileType = file.storyboard; name = Base; path = Base.lproj/LaunchScreen.storyboard; sourceTree = "<group>"; };
		D824985022928E7800C3D798 /* Info.plist */ = {isa = PBXFileReference; lastKnownFileType = text.plist.xml; path = Info.plist; sourceTree = "<group>"; };
		D824985522928E7800C3D798 /* TodoAppTests.xctest */ = {isa = PBXFileReference; explicitFileType = wrapper.cfbundle; includeInIndex = 0; path = TodoAppTests.xctest; sourceTree = BUILT_PRODUCTS_DIR; };
		D824985922928E7800C3D798 /* TodoAppTests.swift */ = {isa = PBXFileReference; lastKnownFileType = sourcecode.swift; path = TodoAppTests.swift; sourceTree = "<group>"; };
		D824985B22928E7800C3D798 /* Info.plist */ = {isa = PBXFileReference; lastKnownFileType = text.plist.xml; path = Info.plist; sourceTree = "<group>"; };
		D824986022928E7800C3D798 /* TodoAppUITests.xctest */ = {isa = PBXFileReference; explicitFileType = wrapper.cfbundle; includeInIndex = 0; path = TodoAppUITests.xctest; sourceTree = BUILT_PRODUCTS_DIR; };
		D824986422928E7800C3D798 /* TodoAppUITests.swift */ = {isa = PBXFileReference; lastKnownFileType = sourcecode.swift; path = TodoAppUITests.swift; sourceTree = "<group>"; };
		D824986622928E7800C3D798 /* Info.plist */ = {isa = PBXFileReference; lastKnownFileType = text.plist.xml; path = Info.plist; sourceTree = "<group>"; };
		D824987222929B3B00C3D798 /* Todo.swift */ = {isa = PBXFileReference; lastKnownFileType = sourcecode.swift; path = Todo.swift; sourceTree = "<group>"; };
		D824987422929D2F00C3D798 /* TodoItem.swift */ = {isa = PBXFileReference; lastKnownFileType = sourcecode.swift; path = TodoItem.swift; sourceTree = "<group>"; };
		D82498762292DF2900C3D798 /* AddNewItemViewController.swift */ = {isa = PBXFileReference; lastKnownFileType = sourcecode.swift; path = AddNewItemViewController.swift; sourceTree = "<group>"; };
		D82498782293A94600C3D798 /* TodoItemTableViewCell.swift */ = {isa = PBXFileReference; lastKnownFileType = sourcecode.swift; path = TodoItemTableViewCell.swift; sourceTree = "<group>"; };
/* End PBXFileReference section */

/* Begin PBXFrameworksBuildPhase section */
		D824983E22928E7600C3D798 /* Frameworks */ = {
			isa = PBXFrameworksBuildPhase;
			buildActionMask = 2147483647;
			files = (
			);
			runOnlyForDeploymentPostprocessing = 0;
		};
		D824985222928E7800C3D798 /* Frameworks */ = {
			isa = PBXFrameworksBuildPhase;
			buildActionMask = 2147483647;
			files = (
			);
			runOnlyForDeploymentPostprocessing = 0;
		};
		D824985D22928E7800C3D798 /* Frameworks */ = {
			isa = PBXFrameworksBuildPhase;
			buildActionMask = 2147483647;
			files = (
			);
			runOnlyForDeploymentPostprocessing = 0;
		};
/* End PBXFrameworksBuildPhase section */

/* Begin PBXGroup section */
		D824983822928E7600C3D798 = {
			isa = PBXGroup;
			children = (
				D824984322928E7600C3D798 /* TodoApp */,
				D824985822928E7800C3D798 /* TodoAppTests */,
				D824986322928E7800C3D798 /* TodoAppUITests */,
				D824984222928E7600C3D798 /* Products */,
			);
			sourceTree = "<group>";
		};
		D824984222928E7600C3D798 /* Products */ = {
			isa = PBXGroup;
			children = (
				D824984122928E7600C3D798 /* TodoApp.app */,
				D824985522928E7800C3D798 /* TodoAppTests.xctest */,
				D824986022928E7800C3D798 /* TodoAppUITests.xctest */,
			);
			name = Products;
			sourceTree = "<group>";
		};
		D824984322928E7600C3D798 /* TodoApp */ = {
			isa = PBXGroup;
			children = (
				D824984422928E7600C3D798 /* AppDelegate.swift */,
				D824984622928E7600C3D798 /* ViewController.swift */,
				D824984822928E7600C3D798 /* Main.storyboard */,
				D824984B22928E7800C3D798 /* Assets.xcassets */,
				D824984D22928E7800C3D798 /* LaunchScreen.storyboard */,
				D824985022928E7800C3D798 /* Info.plist */,
				D824987222929B3B00C3D798 /* Todo.swift */,
				D824987422929D2F00C3D798 /* TodoItem.swift */,
				D82498762292DF2900C3D798 /* AddNewItemViewController.swift */,
				D82498782293A94600C3D798 /* TodoItemTableViewCell.swift */,
			);
			path = TodoApp;
			sourceTree = "<group>";
		};
		D824985822928E7800C3D798 /* TodoAppTests */ = {
			isa = PBXGroup;
			children = (
				D824985922928E7800C3D798 /* TodoAppTests.swift */,
				D824985B22928E7800C3D798 /* Info.plist */,
			);
			path = TodoAppTests;
			sourceTree = "<group>";
		};
		D824986322928E7800C3D798 /* TodoAppUITests */ = {
			isa = PBXGroup;
			children = (
				D824986422928E7800C3D798 /* TodoAppUITests.swift */,
				D824986622928E7800C3D798 /* Info.plist */,
			);
			path = TodoAppUITests;
			sourceTree = "<group>";
		};
/* End PBXGroup section */

/* Begin PBXNativeTarget section */
		D824984022928E7600C3D798 /* TodoApp */ = {
			isa = PBXNativeTarget;
			buildConfigurationList = D824986922928E7800C3D798 /* Build configuration list for PBXNativeTarget "TodoApp" */;
			buildPhases = (
				D824983D22928E7600C3D798 /* Sources */,
				D824983E22928E7600C3D798 /* Frameworks */,
				D824983F22928E7600C3D798 /* Resources */,
			);
			buildRules = (
			);
			dependencies = (
			);
			name = TodoApp;
			productName = TodoApp;
			productReference = D824984122928E7600C3D798 /* TodoApp.app */;
			productType = "com.apple.product-type.application";
		};
		D824985422928E7800C3D798 /* TodoAppTests */ = {
			isa = PBXNativeTarget;
			buildConfigurationList = D824986C22928E7800C3D798 /* Build configuration list for PBXNativeTarget "TodoAppTests" */;
			buildPhases = (
				D824985122928E7800C3D798 /* Sources */,
				D824985222928E7800C3D798 /* Frameworks */,
				D824985322928E7800C3D798 /* Resources */,
			);
			buildRules = (
			);
			dependencies = (
				D824985722928E7800C3D798 /* PBXTargetDependency */,
			);
			name = TodoAppTests;
			productName = TodoAppTests;
			productReference = D824985522928E7800C3D798 /* TodoAppTests.xctest */;
			productType = "com.apple.product-type.bundle.unit-test";
		};
		D824985F22928E7800C3D798 /* TodoAppUITests */ = {
			isa = PBXNativeTarget;
			buildConfigurationList = D824986F22928E7800C3D798 /* Build configuration list for PBXNativeTarget "TodoAppUITests" */;
			buildPhases = (
				D824985C22928E7800C3D798 /* Sources */,
				D824985D22928E7800C3D798 /* Frameworks */,
				D824985E22928E7800C3D798 /* Resources */,
			);
			buildRules = (
			);
			dependencies = (
				D824986222928E7800C3D798 /* PBXTargetDependency */,
			);
			name = TodoAppUITests;
			productName = TodoAppUITests;
			productReference = D824986022928E7800C3D798 /* TodoAppUITests.xctest */;
			productType = "com.apple.product-type.bundle.ui-testing";
		};
/* End PBXNativeTarget section */

/* Begin PBXProject section */
		D824983922928E7600C3D798 /* Project object */ = {
			isa = PBXProject;
			attributes = {
				LastSwiftUpdateCheck = 1020;
				LastUpgradeCheck = 1020;
				ORGANIZATIONNAME = pop;
				TargetAttributes = {
					D824984022928E7600C3D798 = {
						CreatedOnToolsVersion = 10.2.1;
					};
					D824985422928E7800C3D798 = {
						CreatedOnToolsVersion = 10.2.1;
						TestTargetID = D824984022928E7600C3D798;
					};
					D824985F22928E7800C3D798 = {
						CreatedOnToolsVersion = 10.2.1;
						TestTargetID = D824984022928E7600C3D798;
					};
				};
			};
			buildConfigurationList = D824983C22928E7600C3D798 /* Build configuration list for PBXProject "TodoApp" */;
			compatibilityVersion = "Xcode 9.3";
			developmentRegion = en;
			hasScannedForEncodings = 0;
			knownRegions = (
				en,
				Base,
			);
			mainGroup = D824983822928E7600C3D798;
			productRefGroup = D824984222928E7600C3D798 /* Products */;
			projectDirPath = "";
			projectRoot = "";
			targets = (
				D824984022928E7600C3D798 /* TodoApp */,
				D824985422928E7800C3D798 /* TodoAppTests */,
				D824985F22928E7800C3D798 /* TodoAppUITests */,
			);
		};
/* End PBXProject section */

/* Begin PBXResourcesBuildPhase section */
		D824983F22928E7600C3D798 /* Resources */ = {
			isa = PBXResourcesBuildPhase;
			buildActionMask = 2147483647;
			files = (
				D824984F22928E7800C3D798 /* LaunchScreen.storyboard in Resources */,
				D824984C22928E7800C3D798 /* Assets.xcassets in Resources */,
				D824984A22928E7600C3D798 /* Main.storyboard in Resources */,
			);
			runOnlyForDeploymentPostprocessing = 0;
		};
		D824985322928E7800C3D798 /* Resources */ = {
			isa = PBXResourcesBuildPhase;
			buildActionMask = 2147483647;
			files = (
			);
			runOnlyForDeploymentPostprocessing = 0;
		};
		D824985E22928E7800C3D798 /* Resources */ = {
			isa = PBXResourcesBuildPhase;
			buildActionMask = 2147483647;
			files = (
			);
			runOnlyForDeploymentPostprocessing = 0;
		};
/* End PBXResourcesBuildPhase section */

/* Begin PBXSourcesBuildPhase section */
		D824983D22928E7600C3D798 /* Sources */ = {
			isa = PBXSourcesBuildPhase;
			buildActionMask = 2147483647;
			files = (
				D824984722928E7600C3D798 /* ViewController.swift in Sources */,
				D824987322929B3B00C3D798 /* Todo.swift in Sources */,
				D82498792293A94600C3D798 /* TodoItemTableViewCell.swift in Sources */,
				D824987522929D2F00C3D798 /* TodoItem.swift in Sources */,
				D82498772292DF2900C3D798 /* AddNewItemViewController.swift in Sources */,
				D824984522928E7600C3D798 /* AppDelegate.swift in Sources */,
			);
			runOnlyForDeploymentPostprocessing = 0;
		};
		D824985122928E7800C3D798 /* Sources */ = {
			isa = PBXSourcesBuildPhase;
			buildActionMask = 2147483647;
			files = (
				D824985A22928E7800C3D798 /* TodoAppTests.swift in Sources */,
			);
			runOnlyForDeploymentPostprocessing = 0;
		};
		D824985C22928E7800C3D798 /* Sources */ = {
			isa = PBXSourcesBuildPhase;
			buildActionMask = 2147483647;
			files = (
				D824986522928E7800C3D798 /* TodoAppUITests.swift in Sources */,
			);
			runOnlyForDeploymentPostprocessing = 0;
		};
/* End PBXSourcesBuildPhase section */

/* Begin PBXTargetDependency section */
		D824985722928E7800C3D798 /* PBXTargetDependency */ = {
			isa = PBXTargetDependency;
			target = D824984022928E7600C3D798 /* TodoApp */;
			targetProxy = D824985622928E7800C3D798 /* PBXContainerItemProxy */;
		};
		D824986222928E7800C3D798 /* PBXTargetDependency */ = {
			isa = PBXTargetDependency;
			target = D824984022928E7600C3D798 /* TodoApp */;
			targetProxy = D824986122928E7800C3D798 /* PBXContainerItemProxy */;
		};
/* End PBXTargetDependency section */

/* Begin PBXVariantGroup section */
		D824984822928E7600C3D798 /* Main.storyboard */ = {
			isa = PBXVariantGroup;
			children = (
				D824984922928E7600C3D798 /* Base */,
			);
			name = Main.storyboard;
			sourceTree = "<group>";
		};
		D824984D22928E7800C3D798 /* LaunchScreen.storyboard */ = {
			isa = PBXVariantGroup;
			children = (
				D824984E22928E7800C3D798 /* Base */,
			);
			name = LaunchScreen.storyboard;
			sourceTree = "<group>";
		};
/* End PBXVariantGroup section */

/* Begin XCBuildConfiguration section */
		D824986722928E7800C3D798 /* Debug */ = {
			isa = XCBuildConfiguration;
			buildSettings = {
				ALWAYS_SEARCH_USER_PATHS = NO;
				CLANG_ANALYZER_NONNULL = YES;
				CLANG_ANALYZER_NUMBER_OBJECT_CONVERSION = YES_AGGRESSIVE;
				CLANG_CXX_LANGUAGE_STANDARD = "gnu++14";
				CLANG_CXX_LIBRARY = "libc++";
				CLANG_ENABLE_MODULES = YES;
				CLANG_ENABLE_OBJC_ARC = YES;
				CLANG_ENABLE_OBJC_WEAK = YES;
				CLANG_WARN_BLOCK_CAPTURE_AUTORELEASING = YES;
				CLANG_WARN_BOOL_CONVERSION = YES;
				CLANG_WARN_COMMA = YES;
				CLANG_WARN_CONSTANT_CONVERSION = YES;
				CLANG_WARN_DEPRECATED_OBJC_IMPLEMENTATIONS = YES;
				CLANG_WARN_DIRECT_OBJC_ISA_USAGE = YES_ERROR;
				CLANG_WARN_DOCUMENTATION_COMMENTS = YES;
				CLANG_WARN_EMPTY_BODY = YES;
				CLANG_WARN_ENUM_CONVERSION = YES;
				CLANG_WARN_INFINITE_RECURSION = YES;
				CLANG_WARN_INT_CONVERSION = YES;
				CLANG_WARN_NON_LITERAL_NULL_CONVERSION = YES;
				CLANG_WARN_OBJC_IMPLICIT_RETAIN_SELF = YES;
				CLANG_WARN_OBJC_LITERAL_CONVERSION = YES;
				CLANG_WARN_OBJC_ROOT_CLASS = YES_ERROR;
				CLANG_WARN_RANGE_LOOP_ANALYSIS = YES;
				CLANG_WARN_STRICT_PROTOTYPES = YES;
				CLANG_WARN_SUSPICIOUS_MOVE = YES;
				CLANG_WARN_UNGUARDED_AVAILABILITY = YES_AGGRESSIVE;
				CLANG_WARN_UNREACHABLE_CODE = YES;
				CLANG_WARN__DUPLICATE_METHOD_MATCH = YES;
				CODE_SIGN_IDENTITY = "iPhone Developer";
				COPY_PHASE_STRIP = NO;
				DEBUG_INFORMATION_FORMAT = dwarf;
				ENABLE_STRICT_OBJC_MSGSEND = YES;
				ENABLE_TESTABILITY = YES;
				GCC_C_LANGUAGE_STANDARD = gnu11;
				GCC_DYNAMIC_NO_PIC = NO;
				GCC_NO_COMMON_BLOCKS = YES;
				GCC_OPTIMIZATION_LEVEL = 0;
				GCC_PREPROCESSOR_DEFINITIONS = (
					"DEBUG=1",
					"$(inherited)",
				);
				GCC_WARN_64_TO_32_BIT_CONVERSION = YES;
				GCC_WARN_ABOUT_RETURN_TYPE = YES_ERROR;
				GCC_WARN_UNDECLARED_SELECTOR = YES;
				GCC_WARN_UNINITIALIZED_AUTOS = YES_AGGRESSIVE;
				GCC_WARN_UNUSED_FUNCTION = YES;
				GCC_WARN_UNUSED_VARIABLE = YES;
				IPHONEOS_DEPLOYMENT_TARGET = 12.2;
				MTL_ENABLE_DEBUG_INFO = INCLUDE_SOURCE;
				MTL_FAST_MATH = YES;
				ONLY_ACTIVE_ARCH = YES;
				SDKROOT = iphoneos;
				SWIFT_ACTIVE_COMPILATION_CONDITIONS = DEBUG;
				SWIFT_OPTIMIZATION_LEVEL = "-Onone";
			};
			name = Debug;
		};
		D824986822928E7800C3D798 /* Release */ = {
			isa = XCBuildConfiguration;
			buildSettings = {
				ALWAYS_SEARCH_USER_PATHS = NO;
				CLANG_ANALYZER_NONNULL = YES;
				CLANG_ANALYZER_NUMBER_OBJECT_CONVERSION = YES_AGGRESSIVE;
				CLANG_CXX_LANGUAGE_STANDARD = "gnu++14";
				CLANG_CXX_LIBRARY = "libc++";
				CLANG_ENABLE_MODULES = YES;
				CLANG_ENABLE_OBJC_ARC = YES;
				CLANG_ENABLE_OBJC_WEAK = YES;
				CLANG_WARN_BLOCK_CAPTURE_AUTORELEASING = YES;
				CLANG_WARN_BOOL_CONVERSION = YES;
				CLANG_WARN_COMMA = YES;
				CLANG_WARN_CONSTANT_CONVERSION = YES;
				CLANG_WARN_DEPRECATED_OBJC_IMPLEMENTATIONS = YES;
				CLANG_WARN_DIRECT_OBJC_ISA_USAGE = YES_ERROR;
				CLANG_WARN_DOCUMENTATION_COMMENTS = YES;
				CLANG_WARN_EMPTY_BODY = YES;
				CLANG_WARN_ENUM_CONVERSION = YES;
				CLANG_WARN_INFINITE_RECURSION = YES;
				CLANG_WARN_INT_CONVERSION = YES;
				CLANG_WARN_NON_LITERAL_NULL_CONVERSION = YES;
				CLANG_WARN_OBJC_IMPLICIT_RETAIN_SELF = YES;
				CLANG_WARN_OBJC_LITERAL_CONVERSION = YES;
				CLANG_WARN_OBJC_ROOT_CLASS = YES_ERROR;
				CLANG_WARN_RANGE_LOOP_ANALYSIS = YES;
				CLANG_WARN_STRICT_PROTOTYPES = YES;
				CLANG_WARN_SUSPICIOUS_MOVE = YES;
				CLANG_WARN_UNGUARDED_AVAILABILITY = YES_AGGRESSIVE;
				CLANG_WARN_UNREACHABLE_CODE = YES;
				CLANG_WARN__DUPLICATE_METHOD_MATCH = YES;
				CODE_SIGN_IDENTITY = "iPhone Developer";
				COPY_PHASE_STRIP = NO;
				DEBUG_INFORMATION_FORMAT = "dwarf-with-dsym";
				ENABLE_NS_ASSERTIONS = NO;
				ENABLE_STRICT_OBJC_MSGSEND = YES;
				GCC_C_LANGUAGE_STANDARD = gnu11;
				GCC_NO_COMMON_BLOCKS = YES;
				GCC_WARN_64_TO_32_BIT_CONVERSION = YES;
				GCC_WARN_ABOUT_RETURN_TYPE = YES_ERROR;
				GCC_WARN_UNDECLARED_SELECTOR = YES;
				GCC_WARN_UNINITIALIZED_AUTOS = YES_AGGRESSIVE;
				GCC_WARN_UNUSED_FUNCTION = YES;
				GCC_WARN_UNUSED_VARIABLE = YES;
				IPHONEOS_DEPLOYMENT_TARGET = 12.2;
				MTL_ENABLE_DEBUG_INFO = NO;
				MTL_FAST_MATH = YES;
				SDKROOT = iphoneos;
				SWIFT_COMPILATION_MODE = wholemodule;
				SWIFT_OPTIMIZATION_LEVEL = "-O";
				VALIDATE_PRODUCT = YES;
			};
			name = Release;
		};
		D824986A22928E7800C3D798 /* Debug */ = {
			isa = XCBuildConfiguration;
			buildSettings = {
				ASSETCATALOG_COMPILER_APPICON_NAME = AppIcon;
				CODE_SIGN_STYLE = Automatic;
				DEVELOPMENT_TEAM = 934E82A6FW;
				INFOPLIST_FILE = TodoApp/Info.plist;
				LD_RUNPATH_SEARCH_PATHS = (
					"$(inherited)",
					"@executable_path/Frameworks",
				);
				PRODUCT_BUNDLE_IDENTIFIER = com.supakit.TodoApp;
				PRODUCT_NAME = "$(TARGET_NAME)";
				SWIFT_VERSION = 5.0;
				TARGETED_DEVICE_FAMILY = "1,2";
			};
			name = Debug;
		};
		D824986B22928E7800C3D798 /* Release */ = {
			isa = XCBuildConfiguration;
			buildSettings = {
				ASSETCATALOG_COMPILER_APPICON_NAME = AppIcon;
				CODE_SIGN_STYLE = Automatic;
				DEVELOPMENT_TEAM = 934E82A6FW;
				INFOPLIST_FILE = TodoApp/Info.plist;
				LD_RUNPATH_SEARCH_PATHS = (
					"$(inherited)",
					"@executable_path/Frameworks",
				);
				PRODUCT_BUNDLE_IDENTIFIER = com.supakit.TodoApp;
				PRODUCT_NAME = "$(TARGET_NAME)";
				SWIFT_VERSION = 5.0;
				TARGETED_DEVICE_FAMILY = "1,2";
			};
			name = Release;
		};
		D824986D22928E7800C3D798 /* Debug */ = {
			isa = XCBuildConfiguration;
			buildSettings = {
				ALWAYS_EMBED_SWIFT_STANDARD_LIBRARIES = YES;
				BUNDLE_LOADER = "$(TEST_HOST)";
				CODE_SIGN_STYLE = Automatic;
				DEVELOPMENT_TEAM = 934E82A6FW;
				INFOPLIST_FILE = TodoAppTests/Info.plist;
				LD_RUNPATH_SEARCH_PATHS = (
					"$(inherited)",
					"@executable_path/Frameworks",
					"@loader_path/Frameworks",
				);
				PRODUCT_BUNDLE_IDENTIFIER = com.supakit.TodoAppTests;
				PRODUCT_NAME = "$(TARGET_NAME)";
				SWIFT_VERSION = 5.0;
				TARGETED_DEVICE_FAMILY = "1,2";
				TEST_HOST = "$(BUILT_PRODUCTS_DIR)/TodoApp.app/TodoApp";
			};
			name = Debug;
		};
		D824986E22928E7800C3D798 /* Release */ = {
			isa = XCBuildConfiguration;
			buildSettings = {
				ALWAYS_EMBED_SWIFT_STANDARD_LIBRARIES = YES;
				BUNDLE_LOADER = "$(TEST_HOST)";
				CODE_SIGN_STYLE = Automatic;
				DEVELOPMENT_TEAM = 934E82A6FW;
				INFOPLIST_FILE = TodoAppTests/Info.plist;
				LD_RUNPATH_SEARCH_PATHS = (
					"$(inherited)",
					"@executable_path/Frameworks",
					"@loader_path/Frameworks",
				);
				PRODUCT_BUNDLE_IDENTIFIER = com.supakit.TodoAppTests;
				PRODUCT_NAME = "$(TARGET_NAME)";
				SWIFT_VERSION = 5.0;
				TARGETED_DEVICE_FAMILY = "1,2";
				TEST_HOST = "$(BUILT_PRODUCTS_DIR)/TodoApp.app/TodoApp";
			};
			name = Release;
		};
		D824987022928E7800C3D798 /* Debug */ = {
			isa = XCBuildConfiguration;
			buildSettings = {
				ALWAYS_EMBED_SWIFT_STANDARD_LIBRARIES = YES;
				CODE_SIGN_STYLE = Automatic;
				DEVELOPMENT_TEAM = 934E82A6FW;
				INFOPLIST_FILE = TodoAppUITests/Info.plist;
				LD_RUNPATH_SEARCH_PATHS = (
					"$(inherited)",
					"@executable_path/Frameworks",
					"@loader_path/Frameworks",
				);
				PRODUCT_BUNDLE_IDENTIFIER = com.supakit.TodoAppUITests;
				PRODUCT_NAME = "$(TARGET_NAME)";
				SWIFT_VERSION = 5.0;
				TARGETED_DEVICE_FAMILY = "1,2";
				TEST_TARGET_NAME = TodoApp;
			};
			name = Debug;
		};
		D824987122928E7800C3D798 /* Release */ = {
			isa = XCBuildConfiguration;
			buildSettings = {
				ALWAYS_EMBED_SWIFT_STANDARD_LIBRARIES = YES;
				CODE_SIGN_STYLE = Automatic;
				DEVELOPMENT_TEAM = 934E82A6FW;
				INFOPLIST_FILE = TodoAppUITests/Info.plist;
				LD_RUNPATH_SEARCH_PATHS = (
					"$(inherited)",
					"@executable_path/Frameworks",
					"@loader_path/Frameworks",
				);
				PRODUCT_BUNDLE_IDENTIFIER = com.supakit.TodoAppUITests;
				PRODUCT_NAME = "$(TARGET_NAME)";
				SWIFT_VERSION = 5.0;
				TARGETED_DEVICE_FAMILY = "1,2";
				TEST_TARGET_NAME = TodoApp;
			};
			name = Release;
		};
/* End XCBuildConfiguration section */

/* Begin XCConfigurationList section */
		D824983C22928E7600C3D798 /* Build configuration list for PBXProject "TodoApp" */ = {
			isa = XCConfigurationList;
			buildConfigurations = (
				D824986722928E7800C3D798 /* Debug */,
				D824986822928E7800C3D798 /* Release */,
			);
			defaultConfigurationIsVisible = 0;
			defaultConfigurationName = Release;
		};
		D824986922928E7800C3D798 /* Build configuration list for PBXNativeTarget "TodoApp" */ = {
			isa = XCConfigurationList;
			buildConfigurations = (
				D824986A22928E7800C3D798 /* Debug */,
				D824986B22928E7800C3D798 /* Release */,
			);
			defaultConfigurationIsVisible = 0;
			defaultConfigurationName = Release;
		};
		D824986C22928E7800C3D798 /* Build configuration list for PBXNativeTarget "TodoAppTests" */ = {
			isa = XCConfigurationList;
			buildConfigurations = (
				D824986D22928E7800C3D798 /* Debug */,
				D824986E22928E7800C3D798 /* Release */,
			);
			defaultConfigurationIsVisible = 0;
			defaultConfigurationName = Release;
		};
		D824986F22928E7800C3D798 /* Build configuration list for PBXNativeTarget "TodoAppUITests" */ = {
			isa = XCConfigurationList;
			buildConfigurations = (
				D824987022928E7800C3D798 /* Debug */,
				D824987122928E7800C3D798 /* Release */,
			);
			defaultConfigurationIsVisible = 0;
			defaultConfigurationName = Release;
		};
/* End XCConfigurationList section */
	};
	rootObject = D824983922928E7600C3D798 /* Project object */;
}
